
Microsoft Visual Studio Solution File, Format Version 12.00
# Visual Studio Version 17
VisualStudioVersion = 17.11.35327.3
MinimumVisualStudioVersion = 10.0.40219.1
Project("{FAE04EC0-301F-11D3-BF4B-00C04F79EFBC}") = "ExperienciaUsuario", "ExperienciaUsuario\ExperienciaUsuario.csproj", "{CA9F6CB9-C9C7-4C5C-8429-84351A1435ED}"
EndProject
Global
	GlobalSection(SolutionConfigurationPlatforms) = preSolution
		Debug|Any CPU = Debug|Any CPU
		Release|Any CPU = Release|Any CPU
	EndGlobalSection
	GlobalSection(ProjectConfigurationPlatforms) = postSolution
		{CA9F6CB9-C9C7-4C5C-8429-84351A1435ED}.Debug|Any CPU.ActiveCfg = Debug|Any CPU
		{CA9F6CB9-C9C7-4C5C-8429-84351A1435ED}.Debug|Any CPU.Build.0 = Debug|Any CPU
		{CA9F6CB9-C9C7-4C5C-8429-84351A1435ED}.Release|Any CPU.ActiveCfg = Release|Any CPU
		{CA9F6CB9-C9C7-4C5C-8429-84351A1435ED}.Release|Any CPU.Build.0 = Release|Any CPU
	EndGlobalSection
	GlobalSection(SolutionProperties) = preSolution
		HideSolutionNode = FALSE
	EndGlobalSection
	GlobalSection(ExtensibilityGlobals) = postSolution
		SolutionGuid = {AC9F4587-E884-4A76-AD1B-D011031CC502}
	EndGlobalSection
EndGlobal
